
Microsoft Visual Studio Solution File, Format Version 12.00
# Visual Studio 15
VisualStudioVersion = 15.0.28307.779
MinimumVisualStudioVersion = 10.0.40219.1
Project("{FAE04EC0-301F-11D3-BF4B-00C04F79EFBC}") = "Lantz_Assignment 7", "Lantz_Assignment 7\Lantz_Assignment 7.csproj", "{5DB9BFEE-9DF2-48C8-97CF-0DCD99F1475B}"
EndProject
Global
	GlobalSection(SolutionConfigurationPlatforms) = preSolution
		Debug|Any CPU = Debug|Any CPU
		Release|Any CPU = Release|Any CPU
	EndGlobalSection
	GlobalSection(ProjectConfigurationPlatforms) = postSolution
		{5DB9BFEE-9DF2-48C8-97CF-0DCD99F1475B}.Debug|Any CPU.ActiveCfg = Debug|Any CPU
		{5DB9BFEE-9DF2-48C8-97CF-0DCD99F1475B}.Debug|Any CPU.Build.0 = Debug|Any CPU
		{5DB9BFEE-9DF2-48C8-97CF-0DCD99F1475B}.Release|Any CPU.ActiveCfg = Release|Any CPU
		{5DB9BFEE-9DF2-48C8-97CF-0DCD99F1475B}.Release|Any CPU.Build.0 = Release|Any CPU
	EndGlobalSection
	GlobalSection(SolutionProperties) = preSolution
		HideSolutionNode = FALSE
	EndGlobalSection
	GlobalSection(ExtensibilityGlobals) = postSolution
		SolutionGuid = {4F0B4564-411E-4B9A-9287-AB214949939A}
	EndGlobalSection
EndGlobal
